
Microsoft Visual Studio Solution File, Format Version 12.00
# Visual Studio Version 16
VisualStudioVersion = 16.0.31129.286
MinimumVisualStudioVersion = 10.0.40219.1
Project("{FAE04EC0-301F-11D3-BF4B-00C04F79EFBC}") = "UTS2", "UTS2\UTS2.csproj", "{46D96E93-4E1F-4C61-B073-5FF9FBB09FD0}"
EndProject
Global
	GlobalSection(SolutionConfigurationPlatforms) = preSolution
		Debug|Any CPU = Debug|Any CPU
		Release|Any CPU = Release|Any CPU
	EndGlobalSection
	GlobalSection(ProjectConfigurationPlatforms) = postSolution
		{46D96E93-4E1F-4C61-B073-5FF9FBB09FD0}.Debug|Any CPU.ActiveCfg = Debug|Any CPU
		{46D96E93-4E1F-4C61-B073-5FF9FBB09FD0}.Debug|Any CPU.Build.0 = Debug|Any CPU
		{46D96E93-4E1F-4C61-B073-5FF9FBB09FD0}.Release|Any CPU.ActiveCfg = Release|Any CPU
		{46D96E93-4E1F-4C61-B073-5FF9FBB09FD0}.Release|Any CPU.Build.0 = Release|Any CPU
	EndGlobalSection
	GlobalSection(SolutionProperties) = preSolution
		HideSolutionNode = FALSE
	EndGlobalSection
	GlobalSection(ExtensibilityGlobals) = postSolution
		SolutionGuid = {49F66C3D-3473-4351-833F-B4D521D9D71D}
	EndGlobalSection
EndGlobal
